// !$*UTF8*$!
{
	archiveVersion = 1;
	classes = {
	};
	objectVersion = 77;
	objects = {

/* Begin PBXContainerItemProxy section */
		604DABF52CC38B6000644BA9 /* PBXContainerItemProxy */ = {
			isa = PBXContainerItemProxy;
			containerPortal = 604DABDC2CC38B5E00644BA9 /* Project object */;
			proxyType = 1;
			remoteGlobalIDString = 604DABE32CC38B5E00644BA9;
			remoteInfo = SwiftDay9Basics;
		};
		604DABFF2CC38B6000644BA9 /* PBXContainerItemProxy */ = {
			isa = PBXContainerItemProxy;
			containerPortal = 604DABDC2CC38B5E00644BA9 /* Project object */;
			proxyType = 1;
			remoteGlobalIDString = 604DABE32CC38B5E00644BA9;
			remoteInfo = SwiftDay9Basics;
		};
/* End PBXContainerItemProxy section */

/* Begin PBXFileReference section */
		604DABE42CC38B5E00644BA9 /* SwiftDay9Basics.app */ = {isa = PBXFileReference; explicitFileType = wrapper.application; includeInIndex = 0; path = SwiftDay9Basics.app; sourceTree = BUILT_PRODUCTS_DIR; };
		604DABF42CC38B6000644BA9 /* SwiftDay9BasicsTests.xctest */ = {isa = PBXFileReference; explicitFileType = wrapper.cfbundle; includeInIndex = 0; path = SwiftDay9BasicsTests.xctest; sourceTree = BUILT_PRODUCTS_DIR; };
		604DABFE2CC38B6000644BA9 /* SwiftDay9BasicsUITests.xctest */ = {isa = PBXFileReference; explicitFileType = wrapper.cfbundle; includeInIndex = 0; path = SwiftDay9BasicsUITests.xctest; sourceTree = BUILT_PRODUCTS_DIR; };
/* End PBXFileReference section */

/* Begin PBXFileSystemSynchronizedRootGroup section */
		604DABE62CC38B5E00644BA9 /* SwiftDay9Basics */ = {
			isa = PBXFileSystemSynchronizedRootGroup;
			path = SwiftDay9Basics;
			sourceTree = "<group>";
		};
		604DABF72CC38B6000644BA9 /* SwiftDay9BasicsTests */ = {
			isa = PBXFileSystemSynchronizedRootGroup;
			path = SwiftDay9BasicsTests;
			sourceTree = "<group>";
		};
		604DAC012CC38B6000644BA9 /* SwiftDay9BasicsUITests */ = {
			isa = PBXFileSystemSynchronizedRootGroup;
			path = SwiftDay9BasicsUITests;
			sourceTree = "<group>";
		};
/* End PBXFileSystemSynchronizedRootGroup section */

/* Begin PBXFrameworksBuildPhase section */
		604DABE12CC38B5E00644BA9 /* Frameworks */ = {
			isa = PBXFrameworksBuildPhase;
			buildActionMask = 2147483647;
			files = (
			);
			runOnlyForDeploymentPostprocessing = 0;
		};
		604DABF12CC38B6000644BA9 /* Frameworks */ = {
			isa = PBXFrameworksBuildPhase;
			buildActionMask = 2147483647;
			files = (
			);
			runOnlyForDeploymentPostprocessing = 0;
		};
		604DABFB2CC38B6000644BA9 /* Frameworks */ = {
			isa = PBXFrameworksBuildPhase;
			buildActionMask = 2147483647;
			files = (
			);
			runOnlyForDeploymentPostprocessing = 0;
		};
/* End PBXFrameworksBuildPhase section */

/* Begin PBXGroup section */
		604DABDB2CC38B5E00644BA9 = {
			isa = PBXGroup;
			children = (
				604DABE62CC38B5E00644BA9 /* SwiftDay9Basics */,
				604DABF72CC38B6000644BA9 /* SwiftDay9BasicsTests */,
				604DAC012CC38B6000644BA9 /* SwiftDay9BasicsUITests */,
				604DABE52CC38B5E00644BA9 /* Products */,
			);
			sourceTree = "<group>";
		};
		604DABE52CC38B5E00644BA9 /* Products */ = {
			isa = PBXGroup;
			children = (
				604DABE42CC38B5E00644BA9 /* SwiftDay9Basics.app */,
				604DABF42CC38B6000644BA9 /* SwiftDay9BasicsTests.xctest */,
				604DABFE2CC38B6000644BA9 /* SwiftDay9BasicsUITests.xctest */,
			);
			name = Products;
			sourceTree = "<group>";
		};
/* End PBXGroup section */

/* Begin PBXNativeTarget section */
		604DABE32CC38B5E00644BA9 /* SwiftDay9Basics */ = {
			isa = PBXNativeTarget;
			buildConfigurationList = 604DAC082CC38B6000644BA9 /* Build configuration list for PBXNativeTarget "SwiftDay9Basics" */;
			buildPhases = (
				604DABE02CC38B5E00644BA9 /* Sources */,
				604DABE12CC38B5E00644BA9 /* Frameworks */,
				604DABE22CC38B5E00644BA9 /* Resources */,
			);
			buildRules = (
			);
			dependencies = (
			);
			fileSystemSynchronizedGroups = (
				604DABE62CC38B5E00644BA9 /* SwiftDay9Basics */,
			);
			name = SwiftDay9Basics;
			packageProductDependencies = (
			);
			productName = SwiftDay9Basics;
			productReference = 604DABE42CC38B5E00644BA9 /* SwiftDay9Basics.app */;
			productType = "com.apple.product-type.application";
		};
		604DABF32CC38B6000644BA9 /* SwiftDay9BasicsTests */ = {
			isa = PBXNativeTarget;
			buildConfigurationList = 604DAC0B2CC38B6000644BA9 /* Build configuration list for PBXNativeTarget "SwiftDay9BasicsTests" */;
			buildPhases = (
				604DABF02CC38B6000644BA9 /* Sources */,
				604DABF12CC38B6000644BA9 /* Frameworks */,
				604DABF22CC38B6000644BA9 /* Resources */,
			);
			buildRules = (
			);
			dependencies = (
				604DABF62CC38B6000644BA9 /* PBXTargetDependency */,
			);
			fileSystemSynchronizedGroups = (
				604DABF72CC38B6000644BA9 /* SwiftDay9BasicsTests */,
			);
			name = SwiftDay9BasicsTests;
			packageProductDependencies = (
			);
			productName = SwiftDay9BasicsTests;
			productReference = 604DABF42CC38B6000644BA9 /* SwiftDay9BasicsTests.xctest */;
			productType = "com.apple.product-type.bundle.unit-test";
		};
		604DABFD2CC38B6000644BA9 /* SwiftDay9BasicsUITests */ = {
			isa = PBXNativeTarget;
			buildConfigurationList = 604DAC0E2CC38B6000644BA9 /* Build configuration list for PBXNativeTarget "SwiftDay9BasicsUITests" */;
			buildPhases = (
				604DABFA2CC38B6000644BA9 /* Sources */,
				604DABFB2CC38B6000644BA9 /* Frameworks */,
				604DABFC2CC38B6000644BA9 /* Resources */,
			);
			buildRules = (
			);
			dependencies = (
				604DAC002CC38B6000644BA9 /* PBXTargetDependency */,
			);
			fileSystemSynchronizedGroups = (
				604DAC012CC38B6000644BA9 /* SwiftDay9BasicsUITests */,
			);
			name = SwiftDay9BasicsUITests;
			packageProductDependencies = (
			);
			productName = SwiftDay9BasicsUITests;
			productReference = 604DABFE2CC38B6000644BA9 /* SwiftDay9BasicsUITests.xctest */;
			productType = "com.apple.product-type.bundle.ui-testing";
		};
/* End PBXNativeTarget section */

/* Begin PBXProject section */
		604DABDC2CC38B5E00644BA9 /* Project object */ = {
			isa = PBXProject;
			attributes = {
				BuildIndependentTargetsInParallel = 1;
				LastSwiftUpdateCheck = 1600;
				LastUpgradeCheck = 1600;
				TargetAttributes = {
					604DABE32CC38B5E00644BA9 = {
						CreatedOnToolsVersion = 16.0;
					};
					604DABF32CC38B6000644BA9 = {
						CreatedOnToolsVersion = 16.0;
						TestTargetID = 604DABE32CC38B5E00644BA9;
					};
					604DABFD2CC38B6000644BA9 = {
						CreatedOnToolsVersion = 16.0;
						TestTargetID = 604DABE32CC38B5E00644BA9;
					};
				};
			};
			buildConfigurationList = 604DABDF2CC38B5E00644BA9 /* Build configuration list for PBXProject "SwiftDay9Basics" */;
			developmentRegion = en;
			hasScannedForEncodings = 0;
			knownRegions = (
				en,
				Base,
			);
			mainGroup = 604DABDB2CC38B5E00644BA9;
			minimizedProjectReferenceProxies = 1;
			preferredProjectObjectVersion = 77;
			productRefGroup = 604DABE52CC38B5E00644BA9 /* Products */;
			projectDirPath = "";
			projectRoot = "";
			targets = (
				604DABE32CC38B5E00644BA9 /* SwiftDay9Basics */,
				604DABF32CC38B6000644BA9 /* SwiftDay9BasicsTests */,
				604DABFD2CC38B6000644BA9 /* SwiftDay9BasicsUITests */,
			);
		};
/* End PBXProject section */

/* Begin PBXResourcesBuildPhase section */
		604DABE22CC38B5E00644BA9 /* Resources */ = {
			isa = PBXResourcesBuildPhase;
			buildActionMask = 2147483647;
			files = (
			);
			runOnlyForDeploymentPostprocessing = 0;
		};
		604DABF22CC38B6000644BA9 /* Resources */ = {
			isa = PBXResourcesBuildPhase;
			buildActionMask = 2147483647;
			files = (
			);
			runOnlyForDeploymentPostprocessing = 0;
		};
		604DABFC2CC38B6000644BA9 /* Resources */ = {
			isa = PBXResourcesBuildPhase;
			buildActionMask = 2147483647;
			files = (
			);
			runOnlyForDeploymentPostprocessing = 0;
		};
/* End PBXResourcesBuildPhase section */

/* Begin PBXSourcesBuildPhase section */
		604DABE02CC38B5E00644BA9 /* Sources */ = {
			isa = PBXSourcesBuildPhase;
			buildActionMask = 2147483647;
			files = (
			);
			runOnlyForDeploymentPostprocessing = 0;
		};
		604DABF02CC38B6000644BA9 /* Sources */ = {
			isa = PBXSourcesBuildPhase;
			buildActionMask = 2147483647;
			files = (
			);
			runOnlyForDeploymentPostprocessing = 0;
		};
		604DABFA2CC38B6000644BA9 /* Sources */ = {
			isa = PBXSourcesBuildPhase;
			buildActionMask = 2147483647;
			files = (
			);
			runOnlyForDeploymentPostprocessing = 0;
		};
/* End PBXSourcesBuildPhase section */

/* Begin PBXTargetDependency section */
		604DABF62CC38B6000644BA9 /* PBXTargetDependency */ = {
			isa = PBXTargetDependency;
			target = 604DABE32CC38B5E00644BA9 /* SwiftDay9Basics */;
			targetProxy = 604DABF52CC38B6000644BA9 /* PBXContainerItemProxy */;
		};
		604DAC002CC38B6000644BA9 /* PBXTargetDependency */ = {
			isa = PBXTargetDependency;
			target = 604DABE32CC38B5E00644BA9 /* SwiftDay9Basics */;
			targetProxy = 604DABFF2CC38B6000644BA9 /* PBXContainerItemProxy */;
		};
/* End PBXTargetDependency section */

/* Begin XCBuildConfiguration section */
		604DAC062CC38B6000644BA9 /* Debug */ = {
			isa = XCBuildConfiguration;
			buildSettings = {
				ALWAYS_SEARCH_USER_PATHS = NO;
				ASSETCATALOG_COMPILER_GENERATE_SWIFT_ASSET_SYMBOL_EXTENSIONS = YES;
				CLANG_ANALYZER_NONNULL = YES;
				CLANG_ANALYZER_NUMBER_OBJECT_CONVERSION = YES_AGGRESSIVE;
				CLANG_CXX_LANGUAGE_STANDARD = "gnu++20";
				CLANG_ENABLE_MODULES = YES;
				CLANG_ENABLE_OBJC_ARC = YES;
				CLANG_ENABLE_OBJC_WEAK = YES;
				CLANG_WARN_BLOCK_CAPTURE_AUTORELEASING = YES;
				CLANG_WARN_BOOL_CONVERSION = YES;
				CLANG_WARN_COMMA = YES;
				CLANG_WARN_CONSTANT_CONVERSION = YES;
				CLANG_WARN_DEPRECATED_OBJC_IMPLEMENTATIONS = YES;
				CLANG_WARN_DIRECT_OBJC_ISA_USAGE = YES_ERROR;
				CLANG_WARN_DOCUMENTATION_COMMENTS = YES;
				CLANG_WARN_EMPTY_BODY = YES;
				CLANG_WARN_ENUM_CONVERSION = YES;
				CLANG_WARN_INFINITE_RECURSION = YES;
				CLANG_WARN_INT_CONVERSION = YES;
				CLANG_WARN_NON_LITERAL_NULL_CONVERSION = YES;
				CLANG_WARN_OBJC_IMPLICIT_RETAIN_SELF = YES;
				CLANG_WARN_OBJC_LITERAL_CONVERSION = YES;
				CLANG_WARN_OBJC_ROOT_CLASS = YES_ERROR;
				CLANG_WARN_QUOTED_INCLUDE_IN_FRAMEWORK_HEADER = YES;
				CLANG_WARN_RANGE_LOOP_ANALYSIS = YES;
				CLANG_WARN_STRICT_PROTOTYPES = YES;
				CLANG_WARN_SUSPICIOUS_MOVE = YES;
				CLANG_WARN_UNGUARDED_AVAILABILITY = YES_AGGRESSIVE;
				CLANG_WARN_UNREACHABLE_CODE = YES;
				CLANG_WARN__DUPLICATE_METHOD_MATCH = YES;
				COPY_PHASE_STRIP = NO;
				DEBUG_INFORMATION_FORMAT = dwarf;
				ENABLE_STRICT_OBJC_MSGSEND = YES;
				ENABLE_TESTABILITY = YES;
				ENABLE_USER_SCRIPT_SANDBOXING = YES;
				GCC_C_LANGUAGE_STANDARD = gnu17;
				GCC_DYNAMIC_NO_PIC = NO;
				GCC_NO_COMMON_BLOCKS = YES;
				GCC_OPTIMIZATION_LEVEL = 0;
				GCC_PREPROCESSOR_DEFINITIONS = (
					"DEBUG=1",
					"$(inherited)",
				);
				GCC_WARN_64_TO_32_BIT_CONVERSION = YES;
				GCC_WARN_ABOUT_RETURN_TYPE = YES_ERROR;
				GCC_WARN_UNDECLARED_SELECTOR = YES;
				GCC_WARN_UNINITIALIZED_AUTOS = YES_AGGRESSIVE;
				GCC_WARN_UNUSED_FUNCTION = YES;
				GCC_WARN_UNUSED_VARIABLE = YES;
				IPHONEOS_DEPLOYMENT_TARGET = 18.0;
				LOCALIZATION_PREFERS_STRING_CATALOGS = YES;
				MTL_ENABLE_DEBUG_INFO = INCLUDE_SOURCE;
				MTL_FAST_MATH = YES;
				ONLY_ACTIVE_ARCH = YES;
				SDKROOT = iphoneos;
				SWIFT_ACTIVE_COMPILATION_CONDITIONS = "DEBUG $(inherited)";
				SWIFT_OPTIMIZATION_LEVEL = "-Onone";
			};
			name = Debug;
		};
		604DAC072CC38B6000644BA9 /* Release */ = {
			isa = XCBuildConfiguration;
			buildSettings = {
				ALWAYS_SEARCH_USER_PATHS = NO;
				ASSETCATALOG_COMPILER_GENERATE_SWIFT_ASSET_SYMBOL_EXTENSIONS = YES;
				CLANG_ANALYZER_NONNULL = YES;
				CLANG_ANALYZER_NUMBER_OBJECT_CONVERSION = YES_AGGRESSIVE;
				CLANG_CXX_LANGUAGE_STANDARD = "gnu++20";
				CLANG_ENABLE_MODULES = YES;
				CLANG_ENABLE_OBJC_ARC = YES;
				CLANG_ENABLE_OBJC_WEAK = YES;
				CLANG_WARN_BLOCK_CAPTURE_AUTORELEASING = YES;
				CLANG_WARN_BOOL_CONVERSION = YES;
				CLANG_WARN_COMMA = YES;
				CLANG_WARN_CONSTANT_CONVERSION = YES;
				CLANG_WARN_DEPRECATED_OBJC_IMPLEMENTATIONS = YES;
				CLANG_WARN_DIRECT_OBJC_ISA_USAGE = YES_ERROR;
				CLANG_WARN_DOCUMENTATION_COMMENTS = YES;
				CLANG_WARN_EMPTY_BODY = YES;
				CLANG_WARN_ENUM_CONVERSION = YES;
				CLANG_WARN_INFINITE_RECURSION = YES;
				CLANG_WARN_INT_CONVERSION = YES;
				CLANG_WARN_NON_LITERAL_NULL_CONVERSION = YES;
				CLANG_WARN_OBJC_IMPLICIT_RETAIN_SELF = YES;
				CLANG_WARN_OBJC_LITERAL_CONVERSION = YES;
				CLANG_WARN_OBJC_ROOT_CLASS = YES_ERROR;
				CLANG_WARN_QUOTED_INCLUDE_IN_FRAMEWORK_HEADER = YES;
				CLANG_WARN_RANGE_LOOP_ANALYSIS = YES;
				CLANG_WARN_STRICT_PROTOTYPES = YES;
				CLANG_WARN_SUSPICIOUS_MOVE = YES;
				CLANG_WARN_UNGUARDED_AVAILABILITY = YES_AGGRESSIVE;
				CLANG_WARN_UNREACHABLE_CODE = YES;
				CLANG_WARN__DUPLICATE_METHOD_MATCH = YES;
				COPY_PHASE_STRIP = NO;
				DEBUG_INFORMATION_FORMAT = "dwarf-with-dsym";
				ENABLE_NS_ASSERTIONS = NO;
				ENABLE_STRICT_OBJC_MSGSEND = YES;
				ENABLE_USER_SCRIPT_SANDBOXING = YES;
				GCC_C_LANGUAGE_STANDARD = gnu17;
				GCC_NO_COMMON_BLOCKS = YES;
				GCC_WARN_64_TO_32_BIT_CONVERSION = YES;
				GCC_WARN_ABOUT_RETURN_TYPE = YES_ERROR;
				GCC_WARN_UNDECLARED_SELECTOR = YES;
				GCC_WARN_UNINITIALIZED_AUTOS = YES_AGGRESSIVE;
				GCC_WARN_UNUSED_FUNCTION = YES;
				GCC_WARN_UNUSED_VARIABLE = YES;
				IPHONEOS_DEPLOYMENT_TARGET = 18.0;
				LOCALIZATION_PREFERS_STRING_CATALOGS = YES;
				MTL_ENABLE_DEBUG_INFO = NO;
				MTL_FAST_MATH = YES;
				SDKROOT = iphoneos;
				SWIFT_COMPILATION_MODE = wholemodule;
				VALIDATE_PRODUCT = YES;
			};
			name = Release;
		};
		604DAC092CC38B6000644BA9 /* Debug */ = {
			isa = XCBuildConfiguration;
			buildSettings = {
				ASSETCATALOG_COMPILER_APPICON_NAME = AppIcon;
				ASSETCATALOG_COMPILER_GLOBAL_ACCENT_COLOR_NAME = AccentColor;
				CODE_SIGN_STYLE = Automatic;
				CURRENT_PROJECT_VERSION = 1;
				DEVELOPMENT_ASSET_PATHS = "\"SwiftDay9Basics/Preview Content\"";
				ENABLE_PREVIEWS = YES;
				GENERATE_INFOPLIST_FILE = YES;
				INFOPLIST_KEY_UIApplicationSceneManifest_Generation = YES;
				INFOPLIST_KEY_UIApplicationSupportsIndirectInputEvents = YES;
				INFOPLIST_KEY_UILaunchScreen_Generation = YES;
				INFOPLIST_KEY_UISupportedInterfaceOrientations_iPad = "UIInterfaceOrientationPortrait UIInterfaceOrientationPortraitUpsideDown UIInterfaceOrientationLandscapeLeft UIInterfaceOrientationLandscapeRight";
				INFOPLIST_KEY_UISupportedInterfaceOrientations_iPhone = "UIInterfaceOrientationPortrait UIInterfaceOrientationLandscapeLeft UIInterfaceOrientationLandscapeRight";
				LD_RUNPATH_SEARCH_PATHS = (
					"$(inherited)",
					"@executable_path/Frameworks",
				);
				MARKETING_VERSION = 1.0;
				PRODUCT_BUNDLE_IDENTIFIER = bibek.SwiftDay9Basics;
				PRODUCT_NAME = "$(TARGET_NAME)";
				SWIFT_EMIT_LOC_STRINGS = YES;
				SWIFT_VERSION = 5.0;
				TARGETED_DEVICE_FAMILY = "1,2";
			};
			name = Debug;
		};
		604DAC0A2CC38B6000644BA9 /* Release */ = {
			isa = XCBuildConfiguration;
			buildSettings = {
				ASSETCATALOG_COMPILER_APPICON_NAME = AppIcon;
				ASSETCATALOG_COMPILER_GLOBAL_ACCENT_COLOR_NAME = AccentColor;
				CODE_SIGN_STYLE = Automatic;
				CURRENT_PROJECT_VERSION = 1;
				DEVELOPMENT_ASSET_PATHS = "\"SwiftDay9Basics/Preview Content\"";
				ENABLE_PREVIEWS = YES;
				GENERATE_INFOPLIST_FILE = YES;
				INFOPLIST_KEY_UIApplicationSceneManifest_Generation = YES;
				INFOPLIST_KEY_UIApplicationSupportsIndirectInputEvents = YES;
				INFOPLIST_KEY_UILaunchScreen_Generation = YES;
				INFOPLIST_KEY_UISupportedInterfaceOrientations_iPad = "UIInterfaceOrientationPortrait UIInterfaceOrientationPortraitUpsideDown UIInterfaceOrientationLandscapeLeft UIInterfaceOrientationLandscapeRight";
				INFOPLIST_KEY_UISupportedInterfaceOrientations_iPhone = "UIInterfaceOrientationPortrait UIInterfaceOrientationLandscapeLeft UIInterfaceOrientationLandscapeRight";
				LD_RUNPATH_SEARCH_PATHS = (
					"$(inherited)",
					"@executable_path/Frameworks",
				);
				MARKETING_VERSION = 1.0;
				PRODUCT_BUNDLE_IDENTIFIER = bibek.SwiftDay9Basics;
				PRODUCT_NAME = "$(TARGET_NAME)";
				SWIFT_EMIT_LOC_STRINGS = YES;
				SWIFT_VERSION = 5.0;
				TARGETED_DEVICE_FAMILY = "1,2";
			};
			name = Release;
		};
		604DAC0C2CC38B6000644BA9 /* Debug */ = {
			isa = XCBuildConfiguration;
			buildSettings = {
				BUNDLE_LOADER = "$(TEST_HOST)";
				CODE_SIGN_STYLE = Automatic;
				CURRENT_PROJECT_VERSION = 1;
				GENERATE_INFOPLIST_FILE = YES;
				IPHONEOS_DEPLOYMENT_TARGET = 18.0;
				MARKETING_VERSION = 1.0;
				PRODUCT_BUNDLE_IDENTIFIER = bibek.SwiftDay9BasicsTests;
				PRODUCT_NAME = "$(TARGET_NAME)";
				SWIFT_EMIT_LOC_STRINGS = NO;
				SWIFT_VERSION = 5.0;
				TARGETED_DEVICE_FAMILY = "1,2";
				TEST_HOST = "$(BUILT_PRODUCTS_DIR)/SwiftDay9Basics.app/$(BUNDLE_EXECUTABLE_FOLDER_PATH)/SwiftDay9Basics";
			};
			name = Debug;
		};
		604DAC0D2CC38B6000644BA9 /* Release */ = {
			isa = XCBuildConfiguration;
			buildSettings = {
				BUNDLE_LOADER = "$(TEST_HOST)";
				CODE_SIGN_STYLE = Automatic;
				CURRENT_PROJECT_VERSION = 1;
				GENERATE_INFOPLIST_FILE = YES;
				IPHONEOS_DEPLOYMENT_TARGET = 18.0;
				MARKETING_VERSION = 1.0;
				PRODUCT_BUNDLE_IDENTIFIER = bibek.SwiftDay9BasicsTests;
				PRODUCT_NAME = "$(TARGET_NAME)";
				SWIFT_EMIT_LOC_STRINGS = NO;
				SWIFT_VERSION = 5.0;
				TARGETED_DEVICE_FAMILY = "1,2";
				TEST_HOST = "$(BUILT_PRODUCTS_DIR)/SwiftDay9Basics.app/$(BUNDLE_EXECUTABLE_FOLDER_PATH)/SwiftDay9Basics";
			};
			name = Release;
		};
		604DAC0F2CC38B6000644BA9 /* Debug */ = {
			isa = XCBuildConfiguration;
			buildSettings = {
				CODE_SIGN_STYLE = Automatic;
				CURRENT_PROJECT_VERSION = 1;
				GENERATE_INFOPLIST_FILE = YES;
				MARKETING_VERSION = 1.0;
				PRODUCT_BUNDLE_IDENTIFIER = bibek.SwiftDay9BasicsUITests;
				PRODUCT_NAME = "$(TARGET_NAME)";
				SWIFT_EMIT_LOC_STRINGS = NO;
				SWIFT_VERSION = 5.0;
				TARGETED_DEVICE_FAMILY = "1,2";
				TEST_TARGET_NAME = SwiftDay9Basics;
			};
			name = Debug;
		};
		604DAC102CC38B6000644BA9 /* Release */ = {
			isa = XCBuildConfiguration;
			buildSettings = {
				CODE_SIGN_STYLE = Automatic;
				CURRENT_PROJECT_VERSION = 1;
				GENERATE_INFOPLIST_FILE = YES;
				MARKETING_VERSION = 1.0;
				PRODUCT_BUNDLE_IDENTIFIER = bibek.SwiftDay9BasicsUITests;
				PRODUCT_NAME = "$(TARGET_NAME)";
				SWIFT_EMIT_LOC_STRINGS = NO;
				SWIFT_VERSION = 5.0;
				TARGETED_DEVICE_FAMILY = "1,2";
				TEST_TARGET_NAME = SwiftDay9Basics;
			};
			name = Release;
		};
/* End XCBuildConfiguration section */

/* Begin XCConfigurationList section */
		604DABDF2CC38B5E00644BA9 /* Build configuration list for PBXProject "SwiftDay9Basics" */ = {
			isa = XCConfigurationList;
			buildConfigurations = (
				604DAC062CC38B6000644BA9 /* Debug */,
				604DAC072CC38B6000644BA9 /* Release */,
			);
			defaultConfigurationIsVisible = 0;
			defaultConfigurationName = Release;
		};
		604DAC082CC38B6000644BA9 /* Build configuration list for PBXNativeTarget "SwiftDay9Basics" */ = {
			isa = XCConfigurationList;
			buildConfigurations = (
				604DAC092CC38B6000644BA9 /* Debug */,
				604DAC0A2CC38B6000644BA9 /* Release */,
			);
			defaultConfigurationIsVisible = 0;
			defaultConfigurationName = Release;
		};
		604DAC0B2CC38B6000644BA9 /* Build configuration list for PBXNativeTarget "SwiftDay9BasicsTests" */ = {
			isa = XCConfigurationList;
			buildConfigurations = (
				604DAC0C2CC38B6000644BA9 /* Debug */,
				604DAC0D2CC38B6000644BA9 /* Release */,
			);
			defaultConfigurationIsVisible = 0;
			defaultConfigurationName = Release;
		};
		604DAC0E2CC38B6000644BA9 /* Build configuration list for PBXNativeTarget "SwiftDay9BasicsUITests" */ = {
			isa = XCConfigurationList;
			buildConfigurations = (
				604DAC0F2CC38B6000644BA9 /* Debug */,
				604DAC102CC38B6000644BA9 /* Release */,
			);
			defaultConfigurationIsVisible = 0;
			defaultConfigurationName = Release;
		};
/* End XCConfigurationList section */
	};
	rootObject = 604DABDC2CC38B5E00644BA9 /* Project object */;
}
